# This file is automatically @generated by Cargo.
# It is not intended for manual editing.
version = 4

[[package]]
name = "generate-kernel-cmdline"
version = "0.1.0"
dependencies = [
 "uapi-config",
]

[[package]]
name = "uapi-config"
version = "0.1.0"
source = "git+https://github.com/Arnavion/uapi-config#608628267dfc2d74b03dd38a6757221be5f050b9"
